
Microsoft Visual Studio Solution File, Format Version 12.00
# Visual Studio Version 16
VisualStudioVersion = 16.0.30021.99
MinimumVisualStudioVersion = 10.0.40219.1
Project("{159641D6-6404-4A2A-AE62-294DE0FE8301}") = "ISETL_Proyecto4_Aplicada", "ISETL_Proyecto4_Aplicada.dtproj", "{83EA81F2-9FD5-4721-9876-C4A32C4407C5}"
EndProject
Global
	GlobalSection(SolutionConfigurationPlatforms) = preSolution
		Development|Default = Development|Default
	EndGlobalSection
	GlobalSection(ProjectConfigurationPlatforms) = postSolution
		{83EA81F2-9FD5-4721-9876-C4A32C4407C5}.Development|Default.ActiveCfg = Development
		{83EA81F2-9FD5-4721-9876-C4A32C4407C5}.Development|Default.Build.0 = Development
	EndGlobalSection
	GlobalSection(SolutionProperties) = preSolution
		HideSolutionNode = FALSE
	EndGlobalSection
	GlobalSection(ExtensibilityGlobals) = postSolution
		SolutionGuid = {E6E1DA9C-2646-4DF1-A48C-11CA80A55328}
	EndGlobalSection
EndGlobal
